# Generated by pub
# See http://pub.dartlang.org/doc/glossary.html#lockfile
packages:
  JHUB1OnlineRestfulAPI:
    description:
      ref: null
      resolved-ref: bf3213ab2483f234a131a7ca61ef5f325d535cdf
      url: "https://github.com/MarkoVcode/JHUB1OnlineRestfulAPI"
    source: git
    version: "0.1.0"
  browser:
    description: browser
    source: hosted
    version: "0.10.0+2"
  collection:
    description: collection
    source: hosted
    version: "0.9.4"
  logging:
    description: logging
    source: hosted
    version: "0.9.1+1"
  restful:
    description:
      ref: null
      resolved-ref: "7570690d75392eabd1bcbf887265356205ea8550"
      url: "https://github.com/Mixbook/restful.dart"
    source: git
    version: "0.3.0"
